lockfileVersion: 5.4

specifiers:
  '@swc/core': ^1.2.192

dependencies:
  '@swc/core': 1.2.192

packages:

  /@swc/core-android-arm-eabi/1.2.192:
    resolution: {integrity: sha512-OYbmJGB9Jp2zZ/GXALTdyWSwfjfC3g/NiZLBEG/4btVA9xU4hy4kA3tiWP1pmqF29VM1a7IHtzxwMXEBwXYX9w==}
    engines: {node: '>=10'}
    cpu: [arm]
    os: [android]
    requiresBuild: true
    dev: false
    optional: true

  /@swc/core-android-arm64/1.2.192:
    resolution: {integrity: sha512-0/0KuxrCK+I5VB8lg/KHijR3bSeM3f+s5KlNR0uE/2Hf30gnjkBfWlokeFj2e5RhjQlCmLIAXmVDVvXU6uoh4w==}
    engines: {node: '>=10'}
    cpu: [arm64]
    os: [android]
    requiresBuild: true
    dev: false
    optional: true

  /@swc/core-darwin-arm64/1.2.192:
    resolution: {integrity: sha512-dhgeWV9qgsTJKURYqMWjZRZVX41FPkOdrHXPJqm1coayphCgfYvIffmZYh0bfPHBfzHLZ/eyvhNXdgXlIJtNqQ==}
    engines: {node: '>=10'}
    cpu: [arm64]
    os: [darwin]
    requiresBuild: true
    dev: false
    optional: true

  /@swc/core-darwin-x64/1.2.192:
    resolution: {integrity: sha512-oSXeKRpwlct/PA4GmNZ1dzWUFBBv24eCt303IHOjJMyVOul+8E0Oa7sBxSwra7mvPljKEM6g06EIW+i6NzCvJQ==}
    engines: {node: '>=10'}
    cpu: [x64]
    os: [darwin]
    requiresBuild: true
    dev: false
    optional: true

  /@swc/core-freebsd-x64/1.2.192:
    resolution: {integrity: sha512-DDEUlXpyNhcslbis2viAUdZjDd9FGSKYszZCeqi/8aHZjiJYjj5EPCUJw3h0mtK0eXLFjeOaD2qfjkuZlRauig==}
    engines: {node: '>=10'}
    cpu: [x64]
    os: [freebsd]
    requiresBuild: true
    dev: false
    optional: true

  /@swc/core-linux-arm-gnueabihf/1.2.192:
    resolution: {integrity: sha512-KcwljdxT2ZBe3zy1H+1BBWk9cR6AyL9qi8/h6X78nFwiJoktk25AMLAhUSusn9VghStveWZepnaYU9kWG62x0Q==}
    engines: {node: '>=10'}
    cpu: [arm]
    os: [linux]
    requiresBuild: true
    dev: false
    optional: true

  /@swc/core-linux-arm64-gnu/1.2.192:
    resolution: {integrity: sha512-0VVFoSWNvDOIN05QsONpSbfa+NzevICc+eFsxdjqD1qRGMWLGtzTRXfdfJWvQ3qp2uSJThpU51FyIrtN59fRPQ==}
    engines: {node: '>=10'}
    cpu: [arm64]
    os: [linux]
    requiresBuild: true
    dev: false
    optional: true

  /@swc/core-linux-arm64-musl/1.2.192:
    resolution: {integrity: sha512-7pK5SaiB+NHHMNU/aQQzhfi1JqAxCKh0MSiSFmWtojGUAP0WYWEXGxXuw7y5zkxb4uA7EAFII0WOmmfvgM4Vvw==}
    engines: {node: '>=10'}
    cpu: [arm64]
    os: [linux]
    requiresBuild: true
    dev: false
    optional: true

  /@swc/core-linux-x64-gnu/1.2.192:
    resolution: {integrity: sha512-pwt2yYy8Ox1PqXNu4egYoDLi92gF+fIo3vzfyuPZo82ie/zG+7hBb/FJeoLcchih9vq+qnTEtrC8aWNjxkQOcw==}
    engines: {node: '>=10'}
    cpu: [x64]
    os: [linux]
    requiresBuild: true
    dev: false
    optional: true

  /@swc/core-linux-x64-musl/1.2.192:
    resolution: {integrity: sha512-IXCsH7xdXLASIuHJXCSavHYU2X2O5+dmtG14bKsI2i3PTqdSFaRn7WTO7C2PlLeGFxC36V967BW0tCipE+OL0A==}
    engines: {node: '>=10'}
    cpu: [x64]
    os: [linux]
    requiresBuild: true
    dev: false
    optional: true

  /@swc/core-win32-arm64-msvc/1.2.192:
    resolution: {integrity: sha512-TSPsjvlfCz5DmTc4KZvp6KkH9xi+Ir1Y8hlISzqARl3hqI9Lv7HAoXvjkO9yMfkRAEpzwPQmeH2ZUtl0oOzeYA==}
    engines: {node: '>=10'}
    cpu: [arm64]
    os: [win32]
    requiresBuild: true
    dev: false
    optional: true

  /@swc/core-win32-ia32-msvc/1.2.192:
    resolution: {integrity: sha512-yIH68QAY/x3ekCnIwHD4f4mXiUD3KIPdDtSmrMIbwV6NgdvcadY6BT861/NfXzCiG0+o1Jkf5790BEhiWnA4GQ==}
    engines: {node: '>=10'}
    cpu: [ia32]
    os: [win32]
    requiresBuild: true
    dev: false
    optional: true

  /@swc/core-win32-x64-msvc/1.2.192:
    resolution: {integrity: sha512-x+blRKKYgI92vHJ7twIOKcvWifAyj5AeH0G6tCbUL2qXl2TjW1gDIyYagowH/9uiIueFLPwIc/X/1BP6HxpPLg==}
    engines: {node: '>=10'}
    cpu: [x64]
    os: [win32]
    requiresBuild: true
    dev: false
    optional: true

  /@swc/core/1.2.192:
    resolution: {integrity: sha512-qQPt1KLeuopZ6J50MTyXkaxkMpaXbG8IHKqMhPwhGD6oarOkVjpILgMfD5esWr9v8gb9yDyOrRrfbDSWdGxDNw==}
    engines: {node: '>=10'}
    hasBin: true
    optionalDependencies:
      '@swc/core-android-arm-eabi': 1.2.192
      '@swc/core-android-arm64': 1.2.192
      '@swc/core-darwin-arm64': 1.2.192
      '@swc/core-darwin-x64': 1.2.192
      '@swc/core-freebsd-x64': 1.2.192
      '@swc/core-linux-arm-gnueabihf': 1.2.192
      '@swc/core-linux-arm64-gnu': 1.2.192
      '@swc/core-linux-arm64-musl': 1.2.192
      '@swc/core-linux-x64-gnu': 1.2.192
      '@swc/core-linux-x64-musl': 1.2.192
      '@swc/core-win32-arm64-msvc': 1.2.192
      '@swc/core-win32-ia32-msvc': 1.2.192
      '@swc/core-win32-x64-msvc': 1.2.192
    dev: false
